// !$*UTF8*$!
{
	archiveVersion = 1;
	classes = {
	};
	objectVersion = 50;
	objects = {

/* Begin PBXBuildFile section */
		0C20310B207D716D00337AFC /* AppDelegate.swift in Sources */ = {isa = PBXBuildFile; fileRef = 0C20310A207D716D00337AFC /* AppDelegate.swift */; };
		0C20310D207D716D00337AFC /* TableViewController.swift in Sources */ = {isa = PBXBuildFile; fileRef = 0C20310C207D716D00337AFC /* TableViewController.swift */; };
		0C203110207D716D00337AFC /* Main.storyboard in Resources */ = {isa = PBXBuildFile; fileRef = 0C20310E207D716D00337AFC /* Main.storyboard */; };
		0C203112207D716E00337AFC /* Assets.xcassets in Resources */ = {isa = PBXBuildFile; fileRef = 0C203111207D716E00337AFC /* Assets.xcassets */; };
		0C203115207D716E00337AFC /* LaunchScreen.storyboard in Resources */ = {isa = PBXBuildFile; fileRef = 0C203113207D716E00337AFC /* LaunchScreen.storyboard */; };
		0C20311D207D7A3A00337AFC /* ChecklistItem.swift in Sources */ = {isa = PBXBuildFile; fileRef = 0C20311C207D7A3A00337AFC /* ChecklistItem.swift */; };
		0C203121207D7C4E00337AFC /* AddChecklistItemViewController.swift in Sources */ = {isa = PBXBuildFile; fileRef = 0C203120207D7C4E00337AFC /* AddChecklistItemViewController.swift */; };
/* End PBXBuildFile section */

/* Begin PBXFileReference section */
		0C203107207D716D00337AFC /* TableView_Abimael.app */ = {isa = PBXFileReference; explicitFileType = wrapper.application; includeInIndex = 0; path = TableView_Abimael.app; sourceTree = BUILT_PRODUCTS_DIR; };
		0C20310A207D716D00337AFC /* AppDelegate.swift */ = {isa = PBXFileReference; lastKnownFileType = sourcecode.swift; path = AppDelegate.swift; sourceTree = "<group>"; };
		0C20310C207D716D00337AFC /* TableViewController.swift */ = {isa = PBXFileReference; lastKnownFileType = sourcecode.swift; path = TableViewController.swift; sourceTree = "<group>"; };
		0C20310F207D716D00337AFC /* Base */ = {isa = PBXFileReference; lastKnownFileType = file.storyboard; name = Base; path = Base.lproj/Main.storyboard; sourceTree = "<group>"; };
		0C203111207D716E00337AFC /* Assets.xcassets */ = {isa = PBXFileReference; lastKnownFileType = folder.assetcatalog; path = Assets.xcassets; sourceTree = "<group>"; };
		0C203114207D716E00337AFC /* Base */ = {isa = PBXFileReference; lastKnownFileType = file.storyboard; name = Base; path = Base.lproj/LaunchScreen.storyboard; sourceTree = "<group>"; };
		0C203116207D716E00337AFC /* Info.plist */ = {isa = PBXFileReference; lastKnownFileType = text.plist.xml; path = Info.plist; sourceTree = "<group>"; };
		0C20311C207D7A3A00337AFC /* ChecklistItem.swift */ = {isa = PBXFileReference; lastKnownFileType = sourcecode.swift; path = ChecklistItem.swift; sourceTree = "<group>"; };
		0C203120207D7C4E00337AFC /* AddChecklistItemViewController.swift */ = {isa = PBXFileReference; lastKnownFileType = sourcecode.swift; path = AddChecklistItemViewController.swift; sourceTree = "<group>"; };
/* End PBXFileReference section */

/* Begin PBXFrameworksBuildPhase section */
		0C203104207D716D00337AFC /* Frameworks */ = {
			isa = PBXFrameworksBuildPhase;
			buildActionMask = 2147483647;
			files = (
			);
			runOnlyForDeploymentPostprocessing = 0;
		};
/* End PBXFrameworksBuildPhase section */

/* Begin PBXGroup section */
		0C2030FE207D716D00337AFC = {
			isa = PBXGroup;
			children = (
				0C203109207D716D00337AFC /* TableView_Abimael */,
				0C203108207D716D00337AFC /* Products */,
			);
			sourceTree = "<group>";
		};
		0C203108207D716D00337AFC /* Products */ = {
			isa = PBXGroup;
			children = (
				0C203107207D716D00337AFC /* TableView_Abimael.app */,
			);
			name = Products;
			sourceTree = "<group>";
		};
		0C203109207D716D00337AFC /* TableView_Abimael */ = {
			isa = PBXGroup;
			children = (
				0C20310A207D716D00337AFC /* AppDelegate.swift */,
				0C20310C207D716D00337AFC /* TableViewController.swift */,
				0C20310E207D716D00337AFC /* Main.storyboard */,
				0C203111207D716E00337AFC /* Assets.xcassets */,
				0C203113207D716E00337AFC /* LaunchScreen.storyboard */,
				0C203116207D716E00337AFC /* Info.plist */,
				0C20311C207D7A3A00337AFC /* ChecklistItem.swift */,
				0C203120207D7C4E00337AFC /* AddChecklistItemViewController.swift */,
			);
			path = TableView_Abimael;
			sourceTree = "<group>";
		};
/* End PBXGroup section */

/* Begin PBXNativeTarget section */
		0C203106207D716D00337AFC /* TableView_Abimael */ = {
			isa = PBXNativeTarget;
			buildConfigurationList = 0C203119207D716E00337AFC /* Build configuration list for PBXNativeTarget "TableView_Abimael" */;
			buildPhases = (
				0C203103207D716D00337AFC /* Sources */,
				0C203104207D716D00337AFC /* Frameworks */,
				0C203105207D716D00337AFC /* Resources */,
			);
			buildRules = (
			);
			dependencies = (
			);
			name = TableView_Abimael;
			productName = TableView_Abimael;
			productReference = 0C203107207D716D00337AFC /* TableView_Abimael.app */;
			productType = "com.apple.product-type.application";
		};
/* End PBXNativeTarget section */

/* Begin PBXProject section */
		0C2030FF207D716D00337AFC /* Project object */ = {
			isa = PBXProject;
			attributes = {
				LastSwiftUpdateCheck = 0930;
				LastUpgradeCheck = 0930;
				ORGANIZATIONNAME = "Abimael Reyes Lopez";
				TargetAttributes = {
					0C203106207D716D00337AFC = {
						CreatedOnToolsVersion = 9.3;
					};
				};
			};
			buildConfigurationList = 0C203102207D716D00337AFC /* Build configuration list for PBXProject "TableView_Abimael" */;
			compatibilityVersion = "Xcode 9.3";
			developmentRegion = en;
			hasScannedForEncodings = 0;
			knownRegions = (
				en,
				Base,
			);
			mainGroup = 0C2030FE207D716D00337AFC;
			productRefGroup = 0C203108207D716D00337AFC /* Products */;
			projectDirPath = "";
			projectRoot = "";
			targets = (
				0C203106207D716D00337AFC /* TableView_Abimael */,
			);
		};
/* End PBXProject section */

/* Begin PBXResourcesBuildPhase section */
		0C203105207D716D00337AFC /* Resources */ = {
			isa = PBXResourcesBuildPhase;
			buildActionMask = 2147483647;
			files = (
				0C203115207D716E00337AFC /* LaunchScreen.storyboard in Resources */,
				0C203112207D716E00337AFC /* Assets.xcassets in Resources */,
				0C203110207D716D00337AFC /* Main.storyboard in Resources */,
			);
			runOnlyForDeploymentPostprocessing = 0;
		};
/* End PBXResourcesBuildPhase section */

/* Begin PBXSourcesBuildPhase section */
		0C203103207D716D00337AFC /* Sources */ = {
			isa = PBXSourcesBuildPhase;
			buildActionMask = 2147483647;
			files = (
				0C203121207D7C4E00337AFC /* AddChecklistItemViewController.swift in Sources */,
				0C20310D207D716D00337AFC /* TableViewController.swift in Sources */,
				0C20310B207D716D00337AFC /* AppDelegate.swift in Sources */,
				0C20311D207D7A3A00337AFC /* ChecklistItem.swift in Sources */,
			);
			runOnlyForDeploymentPostprocessing = 0;
		};
/* End PBXSourcesBuildPhase section */

/* Begin PBXVariantGroup section */
		0C20310E207D716D00337AFC /* Main.storyboard */ = {
			isa = PBXVariantGroup;
			children = (
				0C20310F207D716D00337AFC /* Base */,
			);
			name = Main.storyboard;
			sourceTree = "<group>";
		};
		0C203113207D716E00337AFC /* LaunchScreen.storyboard */ = {
			isa = PBXVariantGroup;
			children = (
				0C203114207D716E00337AFC /* Base */,
			);
			name = LaunchScreen.storyboard;
			sourceTree = "<group>";
		};
/* End PBXVariantGroup section */

/* Begin XCBuildConfiguration section */
		0C203117207D716E00337AFC /* Debug */ = {
			isa = XCBuildConfiguration;
			buildSettings = {
				ALWAYS_SEARCH_USER_PATHS = NO;
				CLANG_ANALYZER_NONNULL = YES;
				CLANG_ANALYZER_NUMBER_OBJECT_CONVERSION = YES_AGGRESSIVE;
				CLANG_CXX_LANGUAGE_STANDARD = "gnu++14";
				CLANG_CXX_LIBRARY = "libc++";
				CLANG_ENABLE_MODULES = YES;
				CLANG_ENABLE_OBJC_ARC = YES;
				CLANG_ENABLE_OBJC_WEAK = YES;
				CLANG_WARN_BLOCK_CAPTURE_AUTORELEASING = YES;
				CLANG_WARN_BOOL_CONVERSION = YES;
				CLANG_WARN_COMMA = YES;
				CLANG_WARN_CONSTANT_CONVERSION = YES;
				CLANG_WARN_DEPRECATED_OBJC_IMPLEMENTATIONS = YES;
				CLANG_WARN_DIRECT_OBJC_ISA_USAGE = YES_ERROR;
				CLANG_WARN_DOCUMENTATION_COMMENTS = YES;
				CLANG_WARN_EMPTY_BODY = YES;
				CLANG_WARN_ENUM_CONVERSION = YES;
				CLANG_WARN_INFINITE_RECURSION = YES;
				CLANG_WARN_INT_CONVERSION = YES;
				CLANG_WARN_NON_LITERAL_NULL_CONVERSION = YES;
				CLANG_WARN_OBJC_IMPLICIT_RETAIN_SELF = YES;
				CLANG_WARN_OBJC_LITERAL_CONVERSION = YES;
				CLANG_WARN_OBJC_ROOT_CLASS = YES_ERROR;
				CLANG_WARN_RANGE_LOOP_ANALYSIS = YES;
				CLANG_WARN_STRICT_PROTOTYPES = YES;
				CLANG_WARN_SUSPICIOUS_MOVE = YES;
				CLANG_WARN_UNGUARDED_AVAILABILITY = YES_AGGRESSIVE;
				CLANG_WARN_UNREACHABLE_CODE = YES;
				CLANG_WARN__DUPLICATE_METHOD_MATCH = YES;
				CODE_SIGN_IDENTITY = "iPhone Developer";
				COPY_PHASE_STRIP = NO;
				DEBUG_INFORMATION_FORMAT = dwarf;
				ENABLE_STRICT_OBJC_MSGSEND = YES;
				ENABLE_TESTABILITY = YES;
				GCC_C_LANGUAGE_STANDARD = gnu11;
				GCC_DYNAMIC_NO_PIC = NO;
				GCC_NO_COMMON_BLOCKS = YES;
				GCC_OPTIMIZATION_LEVEL = 0;
				GCC_PREPROCESSOR_DEFINITIONS = (
					"DEBUG=1",
					"$(inherited)",
				);
				GCC_WARN_64_TO_32_BIT_CONVERSION = YES;
				GCC_WARN_ABOUT_RETURN_TYPE = YES_ERROR;
				GCC_WARN_UNDECLARED_SELECTOR = YES;
				GCC_WARN_UNINITIALIZED_AUTOS = YES_AGGRESSIVE;
				GCC_WARN_UNUSED_FUNCTION = YES;
				GCC_WARN_UNUSED_VARIABLE = YES;
				IPHONEOS_DEPLOYMENT_TARGET = 11.3;
				MTL_ENABLE_DEBUG_INFO = YES;
				ONLY_ACTIVE_ARCH = YES;
				SDKROOT = iphoneos;
				SWIFT_ACTIVE_COMPILATION_CONDITIONS = DEBUG;
				SWIFT_OPTIMIZATION_LEVEL = "-Onone";
			};
			name = Debug;
		};
		0C203118207D716E00337AFC /* Release */ = {
			isa = XCBuildConfiguration;
			buildSettings = {
				ALWAYS_SEARCH_USER_PATHS = NO;
				CLANG_ANALYZER_NONNULL = YES;
				CLANG_ANALYZER_NUMBER_OBJECT_CONVERSION = YES_AGGRESSIVE;
				CLANG_CXX_LANGUAGE_STANDARD = "gnu++14";
				CLANG_CXX_LIBRARY = "libc++";
				CLANG_ENABLE_MODULES = YES;
				CLANG_ENABLE_OBJC_ARC = YES;
				CLANG_ENABLE_OBJC_WEAK = YES;
				CLANG_WARN_BLOCK_CAPTURE_AUTORELEASING = YES;
				CLANG_WARN_BOOL_CONVERSION = YES;
				CLANG_WARN_COMMA = YES;
				CLANG_WARN_CONSTANT_CONVERSION = YES;
				CLANG_WARN_DEPRECATED_OBJC_IMPLEMENTATIONS = YES;
				CLANG_WARN_DIRECT_OBJC_ISA_USAGE = YES_ERROR;
				CLANG_WARN_DOCUMENTATION_COMMENTS = YES;
				CLANG_WARN_EMPTY_BODY = YES;
				CLANG_WARN_ENUM_CONVERSION = YES;
				CLANG_WARN_INFINITE_RECURSION = YES;
				CLANG_WARN_INT_CONVERSION = YES;
				CLANG_WARN_NON_LITERAL_NULL_CONVERSION = YES;
				CLANG_WARN_OBJC_IMPLICIT_RETAIN_SELF = YES;
				CLANG_WARN_OBJC_LITERAL_CONVERSION = YES;
				CLANG_WARN_OBJC_ROOT_CLASS = YES_ERROR;
				CLANG_WARN_RANGE_LOOP_ANALYSIS = YES;
				CLANG_WARN_STRICT_PROTOTYPES = YES;
				CLANG_WARN_SUSPICIOUS_MOVE = YES;
				CLANG_WARN_UNGUARDED_AVAILABILITY = YES_AGGRESSIVE;
				CLANG_WARN_UNREACHABLE_CODE = YES;
				CLANG_WARN__DUPLICATE_METHOD_MATCH = YES;
				CODE_SIGN_IDENTITY = "iPhone Developer";
				COPY_PHASE_STRIP = NO;
				DEBUG_INFORMATION_FORMAT = "dwarf-with-dsym";
				ENABLE_NS_ASSERTIONS = NO;
				ENABLE_STRICT_OBJC_MSGSEND = YES;
				GCC_C_LANGUAGE_STANDARD = gnu11;
				GCC_NO_COMMON_BLOCKS = YES;
				GCC_WARN_64_TO_32_BIT_CONVERSION = YES;
				GCC_WARN_ABOUT_RETURN_TYPE = YES_ERROR;
				GCC_WARN_UNDECLARED_SELECTOR = YES;
				GCC_WARN_UNINITIALIZED_AUTOS = YES_AGGRESSIVE;
				GCC_WARN_UNUSED_FUNCTION = YES;
				GCC_WARN_UNUSED_VARIABLE = YES;
				IPHONEOS_DEPLOYMENT_TARGET = 11.3;
				MTL_ENABLE_DEBUG_INFO = NO;
				SDKROOT = iphoneos;
				SWIFT_COMPILATION_MODE = wholemodule;
				SWIFT_OPTIMIZATION_LEVEL = "-O";
				VALIDATE_PRODUCT = YES;
			};
			name = Release;
		};
		0C20311A207D716E00337AFC /* Debug */ = {
			isa = XCBuildConfiguration;
			buildSettings = {
				ASSETCATALOG_COMPILER_APPICON_NAME = AppIcon;
				CODE_SIGN_STYLE = Automatic;
				INFOPLIST_FILE = TableView_Abimael/Info.plist;
				LD_RUNPATH_SEARCH_PATHS = (
					"$(inherited)",
					"@executable_path/Frameworks",
				);
				PRODUCT_BUNDLE_IDENTIFIER = "com.abimaelreyes.TableView-Abimael";
				PRODUCT_NAME = "$(TARGET_NAME)";
				SWIFT_VERSION = 4.0;
				TARGETED_DEVICE_FAMILY = "1,2";
			};
			name = Debug;
		};
		0C20311B207D716E00337AFC /* Release */ = {
			isa = XCBuildConfiguration;
			buildSettings = {
				ASSETCATALOG_COMPILER_APPICON_NAME = AppIcon;
				CODE_SIGN_STYLE = Automatic;
				INFOPLIST_FILE = TableView_Abimael/Info.plist;
				LD_RUNPATH_SEARCH_PATHS = (
					"$(inherited)",
					"@executable_path/Frameworks",
				);
				PRODUCT_BUNDLE_IDENTIFIER = "com.abimaelreyes.TableView-Abimael";
				PRODUCT_NAME = "$(TARGET_NAME)";
				SWIFT_VERSION = 4.0;
				TARGETED_DEVICE_FAMILY = "1,2";
			};
			name = Release;
		};
/* End XCBuildConfiguration section */

/* Begin XCConfigurationList section */
		0C203102207D716D00337AFC /* Build configuration list for PBXProject "TableView_Abimael" */ = {
			isa = XCConfigurationList;
			buildConfigurations = (
				0C203117207D716E00337AFC /* Debug */,
				0C203118207D716E00337AFC /* Release */,
			);
			defaultConfigurationIsVisible = 0;
			defaultConfigurationName = Release;
		};
		0C203119207D716E00337AFC /* Build configuration list for PBXNativeTarget "TableView_Abimael" */ = {
			isa = XCConfigurationList;
			buildConfigurations = (
				0C20311A207D716E00337AFC /* Debug */,
				0C20311B207D716E00337AFC /* Release */,
			);
			defaultConfigurationIsVisible = 0;
			defaultConfigurationName = Release;
		};
/* End XCConfigurationList section */
	};
	rootObject = 0C2030FF207D716D00337AFC /* Project object */;
}
